
Microsoft Visual Studio Solution File, Format Version 12.00
# Visual Studio Version 17
VisualStudioVersion = 17.3.32901.215
MinimumVisualStudioVersion = 10.0.40219.1
Project("{FAE04EC0-301F-11D3-BF4B-00C04F79EFBC}") = "WindowsService_PurebaAPESA", "WindowsService_PurebaAPESA\WindowsService_PurebaAPESA.csproj", "{1090266D-EED9-43D4-A70E-4AA3F6D30B12}"
EndProject
Global
	GlobalSection(SolutionConfigurationPlatforms) = preSolution
		Debug|Any CPU = Debug|Any CPU
		Release|Any CPU = Release|Any CPU
	EndGlobalSection
	GlobalSection(ProjectConfigurationPlatforms) = postSolution
		{1090266D-EED9-43D4-A70E-4AA3F6D30B12}.Debug|Any CPU.ActiveCfg = Debug|Any CPU
		{1090266D-EED9-43D4-A70E-4AA3F6D30B12}.Debug|Any CPU.Build.0 = Debug|Any CPU
		{1090266D-EED9-43D4-A70E-4AA3F6D30B12}.Release|Any CPU.ActiveCfg = Release|Any CPU
		{1090266D-EED9-43D4-A70E-4AA3F6D30B12}.Release|Any CPU.Build.0 = Release|Any CPU
	EndGlobalSection
	GlobalSection(SolutionProperties) = preSolution
		HideSolutionNode = FALSE
	EndGlobalSection
	GlobalSection(ExtensibilityGlobals) = postSolution
		SolutionGuid = {4296C1C3-1841-4EB3-B91E-B672A1B0D0C3}
	EndGlobalSection
EndGlobal
